{
  "version": 4,
  "terraform_version": "1.3.5",
  "serial": 20,
  "lineage": "32802e51-54e0-5826-5840-1f4688f92ac3",
  "outputs": {},
  "resources": [
    {
      "mode": "managed",
      "type": "vault_mount",
      "name": "kvv2",
      "provider": "provider[\"registry.terraform.io/hashicorp/vault\"]",
      "instances": [
        {
          "schema_version": 0,
          "attributes": {
            "accessor": "kv_b287c68c",
            "allowed_managed_keys": [],
            "audit_non_hmac_request_keys": [],
            "audit_non_hmac_response_keys": [],
            "default_lease_ttl_seconds": 0,
            "description": "KV Version 2 secret engine mount",
            "external_entropy_access": false,
            "id": "kvv2",
            "local": false,
            "max_lease_ttl_seconds": 0,
            "namespace": "k5",
            "options": {
              "version": "2"
            },
            "path": "kvv2",
            "seal_wrap": false,
            "type": "kv"
          },
          "sensitive_attributes": [],
          "private": "bnVsbA==",
          "dependencies": [
            "vault_namespace.user"
          ]
        }
      ]
    },
    {
      "mode": "managed",
      "type": "vault_mount",
      "name": "kvv3",
      "provider": "provider[\"registry.terraform.io/hashicorp/vault\"]",
      "instances": [
        {
          "schema_version": 0,
          "attributes": {
            "accessor": "kv_56b3b5e5",
            "allowed_managed_keys": [],
            "audit_non_hmac_request_keys": [],
            "audit_non_hmac_response_keys": [],
            "default_lease_ttl_seconds": 0,
            "description": "KV Version 2 secret engine mount",
            "external_entropy_access": false,
            "id": "kvv3",
            "local": false,
            "max_lease_ttl_seconds": 0,
            "namespace": "k5",
            "options": {
              "version": "2"
            },
            "path": "kvv3",
            "seal_wrap": false,
            "type": "kv"
          },
          "sensitive_attributes": [],
          "private": "bnVsbA==",
          "dependencies": [
            "vault_namespace.user"
          ]
        }
      ]
    },
    {
      "mode": "managed",
      "type": "vault_namespace",
      "name": "user",
      "provider": "provider[\"registry.terraform.io/hashicorp/vault\"]",
      "instances": [
        {
          "schema_version": 0,
          "attributes": {
            "id": "k5/",
            "namespace": null,
            "namespace_id": "6Hvcf",
            "path": "k5",
            "path_fq": "k5"
          },
          "sensitive_attributes": [],
          "private": "bnVsbA=="
        }
      ]
    },
    {
      "mode": "managed",
      "type": "vault_policy",
      "name": "admin_namespace_policy",
      "provider": "provider[\"registry.terraform.io/hashicorp/vault\"]",
      "instances": [
        {
          "schema_version": 0,
          "attributes": {
            "id": "administrators",
            "name": "administrators",
            "namespace": "k5",
            "policy": "# Manage namespaces\npath \"sys/namespaces/*\" {\n   capabilities = [\"create\", \"read\", \"update\", \"delete\", \"list\", \"sudo\"]\n}\n\n# Manage policies\npath \"sys/policies/acl/*\" {\n   capabilities = [\"create\", \"read\", \"update\", \"delete\", \"list\", \"sudo\"]\n}\n\n# List policies\npath \"sys/policies/acl\" {\n   capabilities = [\"list\"]\n}\n\n# Enable and manage secrets engines\npath \"sys/mounts/*\" {\n   capabilities = [\"create\", \"read\", \"update\", \"delete\", \"list\"]\n}\n\n# List available secrets engines\npath \"sys/mounts\" {\n  capabilities = [ \"read\" ]\n}\n\n# Create and manage entities and groups\npath \"identity/*\" {\n   capabilities = [\"create\", \"read\", \"update\", \"delete\", \"list\"]\n}\n\n# Manage tokens\npath \"auth/token/*\" {\n   capabilities = [\"create\", \"read\", \"update\", \"delete\", \"list\", \"sudo\"]\n}\n"
          },
          "sensitive_attributes": [],
          "private": "bnVsbA==",
          "dependencies": [
            "vault_namespace.user"
          ]
        }
      ]
    }
  ],
  "check_results": null
}
